
Microsoft Visual Studio Solution File, Format Version 12.00
# Visual Studio 15
VisualStudioVersion = 15.0.27130.2024
MinimumVisualStudioVersion = 10.0.40219.1
Project("{FAE04EC0-301F-11D3-BF4B-00C04F79EFBC}") = "Arrays(Advanced)", "Arrays(ChangingLength)\Arrays(Advanced).csproj", "{F9D94915-C428-4E26-B4D7-C4F7827AAC9F}"
EndProject
Global
	GlobalSection(SolutionConfigurationPlatforms) = preSolution
		Debug|Any CPU = Debug|Any CPU
		Release|Any CPU = Release|Any CPU
	EndGlobalSection
	GlobalSection(ProjectConfigurationPlatforms) = postSolution
		{F9D94915-C428-4E26-B4D7-C4F7827AAC9F}.Debug|Any CPU.ActiveCfg = Debug|Any CPU
		{F9D94915-C428-4E26-B4D7-C4F7827AAC9F}.Debug|Any CPU.Build.0 = Debug|Any CPU
		{F9D94915-C428-4E26-B4D7-C4F7827AAC9F}.Release|Any CPU.ActiveCfg = Release|Any CPU
		{F9D94915-C428-4E26-B4D7-C4F7827AAC9F}.Release|Any CPU.Build.0 = Release|Any CPU
	EndGlobalSection
	GlobalSection(SolutionProperties) = preSolution
		HideSolutionNode = FALSE
	EndGlobalSection
	GlobalSection(ExtensibilityGlobals) = postSolution
		SolutionGuid = {DF96DA7B-CC57-4E28-8059-807C9234B7C3}
	EndGlobalSection
EndGlobal
