
Microsoft Visual Studio Solution File, Format Version 12.00
# Visual Studio 15
VisualStudioVersion = 15.0.27130.2024
MinimumVisualStudioVersion = 10.0.40219.1
Project("{FAE04EC0-301F-11D3-BF4B-00C04F79EFBC}") = "ClassesExpanded3(ClassLibraries)", "ClassesExpanded3(ClassLibraries)\ClassesExpanded3(ClassLibraries).csproj", "{1505354B-2C7F-4130-A3BE-60FF89EECA53}"
EndProject
Project("{FAE04EC0-301F-11D3-BF4B-00C04F79EFBC}") = "HeroMonster", "HeroMonster\HeroMonster.csproj", "{3D116F40-BD78-4BC3-920E-BBA37B462EDC}"
EndProject
Global
	GlobalSection(SolutionConfigurationPlatforms) = preSolution
		Debug|Any CPU = Debug|Any CPU
		Release|Any CPU = Release|Any CPU
	EndGlobalSection
	GlobalSection(ProjectConfigurationPlatforms) = postSolution
		{1505354B-2C7F-4130-A3BE-60FF89EECA53}.Debug|Any CPU.ActiveCfg = Debug|Any CPU
		{1505354B-2C7F-4130-A3BE-60FF89EECA53}.Debug|Any CPU.Build.0 = Debug|Any CPU
		{1505354B-2C7F-4130-A3BE-60FF89EECA53}.Release|Any CPU.ActiveCfg = Release|Any CPU
		{1505354B-2C7F-4130-A3BE-60FF89EECA53}.Release|Any CPU.Build.0 = Release|Any CPU
		{3D116F40-BD78-4BC3-920E-BBA37B462EDC}.Debug|Any CPU.ActiveCfg = Debug|Any CPU
		{3D116F40-BD78-4BC3-920E-BBA37B462EDC}.Debug|Any CPU.Build.0 = Debug|Any CPU
		{3D116F40-BD78-4BC3-920E-BBA37B462EDC}.Release|Any CPU.ActiveCfg = Release|Any CPU
		{3D116F40-BD78-4BC3-920E-BBA37B462EDC}.Release|Any CPU.Build.0 = Release|Any CPU
	EndGlobalSection
	GlobalSection(SolutionProperties) = preSolution
		HideSolutionNode = FALSE
	EndGlobalSection
	GlobalSection(ExtensibilityGlobals) = postSolution
		SolutionGuid = {6A33032E-3800-47DB-961A-0B2902169805}
	EndGlobalSection
EndGlobal
