
Microsoft Visual Studio Solution File, Format Version 12.00
# Visual Studio 15
VisualStudioVersion = 15.0.27130.2024
MinimumVisualStudioVersion = 10.0.40219.1
Project("{FAE04EC0-301F-11D3-BF4B-00C04F79EFBC}") = "ManipulatingStrings", "ManipulatingStrings\ManipulatingStrings.csproj", "{09D2CF9C-D091-4C6F-9A58-647E6D5D51BF}"
EndProject
Global
	GlobalSection(SolutionConfigurationPlatforms) = preSolution
		Debug|Any CPU = Debug|Any CPU
		Release|Any CPU = Release|Any CPU
	EndGlobalSection
	GlobalSection(ProjectConfigurationPlatforms) = postSolution
		{09D2CF9C-D091-4C6F-9A58-647E6D5D51BF}.Debug|Any CPU.ActiveCfg = Debug|Any CPU
		{09D2CF9C-D091-4C6F-9A58-647E6D5D51BF}.Debug|Any CPU.Build.0 = Debug|Any CPU
		{09D2CF9C-D091-4C6F-9A58-647E6D5D51BF}.Release|Any CPU.ActiveCfg = Release|Any CPU
		{09D2CF9C-D091-4C6F-9A58-647E6D5D51BF}.Release|Any CPU.Build.0 = Release|Any CPU
	EndGlobalSection
	GlobalSection(SolutionProperties) = preSolution
		HideSolutionNode = FALSE
	EndGlobalSection
	GlobalSection(ExtensibilityGlobals) = postSolution
		SolutionGuid = {A397B16D-C111-4663-84D0-F2965A3B8816}
	EndGlobalSection
EndGlobal
